
Microsoft Visual Studio Solution File, Format Version 12.00
# Visual Studio Version 16
VisualStudioVersion = 16.0.29324.140
MinimumVisualStudioVersion = 10.0.40219.1
Project("{2150E333-8FDC-42A3-9474-1A3956D46DE8}") = "src", "src", "{2A14EA5B-AB5E-4486-A746-B834A1C0F290}"
EndProject
Project("{2150E333-8FDC-42A3-9474-1A3956D46DE8}") = "test", "test", "{9CA57753-5824-4D32-825A-F9D0C6CABFBA}"
EndProject
Project("{9A19103F-16F7-4668-BE54-9A1E7A4F7556}") = "Hagar", "src\Hagar\Hagar.csproj", "{5C577472-EBC7-4472-A339-639A38A0531C}"
EndProject
Project("{9A19103F-16F7-4668-BE54-9A1E7A4F7556}") = "Hagar.ISerializable", "src\Hagar.ISerializable\Hagar.ISerializable.csproj", "{0F7397CF-9C94-4DF2-B38B-4560B6200630}"
EndProject
Project("{9A19103F-16F7-4668-BE54-9A1E7A4F7556}") = "Hagar.NewtonsoftJson", "src\Hagar.NewtonsoftJson\Hagar.NewtonsoftJson.csproj", "{68BD5567-9F00-43A2-BC9D-913C18764280}"
EndProject
Project("{9A19103F-16F7-4668-BE54-9A1E7A4F7556}") = "Hagar.UnitTests", "test\Hagar.UnitTests\Hagar.UnitTests.csproj", "{38C83221-53FD-470C-AF27-73325529745C}"
EndProject
Project("{9A19103F-16F7-4668-BE54-9A1E7A4F7556}") = "Hagar.TestKit", "src\Hagar.TestKit\Hagar.TestKit.csproj", "{153D1F59-DEBF-4214-B4CA-9540CAB6B1A0}"
EndProject
Project("{9A19103F-16F7-4668-BE54-9A1E7A4F7556}") = "TestApp", "test\TestApp\TestApp.csproj", "{7E93FD5A-7EB8-4EF3-B23A-DB2CDC9C260B}"
EndProject
Project("{9A19103F-16F7-4668-BE54-9A1E7A4F7556}") = "Hagar.CodeGenerator", "src\Hagar.CodeGenerator\Hagar.CodeGenerator.csproj", "{8D7C998B-6B7C-48A5-A83C-7650959F2DDA}"
EndProject
Project("{9A19103F-16F7-4668-BE54-9A1E7A4F7556}") = "Hagar.Abstractions", "src\Hagar.Abstractions\Hagar.Abstractions.csproj", "{BDD7F440-A1E4-46B8-8A66-2F8E96FF3F08}"
EndProject
Project("{9A19103F-16F7-4668-BE54-9A1E7A4F7556}") = "Hagar.CodeGenerator.MSBuild", "src\Hagar.CodeGenerator.MSBuild\Hagar.CodeGenerator.MSBuild.csproj", "{E027C482-0B30-4875-8929-CA0B7831C786}"
EndProject
Project("{2150E333-8FDC-42A3-9474-1A3956D46DE8}") = "samples", "samples", "{231D8C82-38D8-44E0-92CC-B52579A5658E}"
EndProject
Project("{9A19103F-16F7-4668-BE54-9A1E7A4F7556}") = "Benchmarks", "test\Benchmarks\Benchmarks.csproj", "{6023811E-B6F6-4879-ABB2-77515FEA6C5F}"
EndProject
Project("{2150E333-8FDC-42A3-9474-1A3956D46DE8}") = "Solution Items", "Solution Items", "{E9A590B6-9A29-4B3A-AF5F-AA154CFEB614}"
	ProjectSection(SolutionItems) = preProject
		.editorconfig = .editorconfig
		.gitattributes = .gitattributes
		.gitignore = .gitignore
		build.ps1 = build.ps1
		DESIGN.md = DESIGN.md
		Directory.Build.props = Directory.Build.props
		Directory.Build.targets = Directory.Build.targets
		global.json = global.json
		LICENSE = LICENSE
		NuGet.config = NuGet.config
		README.md = README.md
	EndProjectSection
EndProject
Project("{9A19103F-16F7-4668-BE54-9A1E7A4F7556}") = "TestRpc", "TestRpc\TestRpc.csproj", "{D8C98426-966B-4FCB-AB70-1165444BFFE2}"
EndProject
Project("{9A19103F-16F7-4668-BE54-9A1E7A4F7556}") = "Hagar.Analyzers", "src\Hagar.Analyzers\Hagar.Analyzers.csproj", "{700733C3-B97F-487E-876A-AF2692379D39}"
EndProject
Project("{9A19103F-16F7-4668-BE54-9A1E7A4F7556}") = "Hagar.CodeGenerator.MSBuild.Tasks", "src\Hagar.CodeGenerator.MSBuild.Tasks\Hagar.CodeGenerator.MSBuild.Tasks.csproj", "{38CB9FFF-226C-49F2-A6C4-4F89C92B5714}"
EndProject
Project("{FAE04EC0-301F-11D3-BF4B-00C04F79EFBC}") = "CallLog", "test\CallLog\CallLog.csproj", "{9048E345-238F-4391-AA54-61FBF62B0822}"
EndProject
Global
	GlobalSection(SolutionConfigurationPlatforms) = preSolution
		Debug|Any CPU = Debug|Any CPU
		Release|Any CPU = Release|Any CPU
	EndGlobalSection
	GlobalSection(ProjectConfigurationPlatforms) = postSolution
		{5C577472-EBC7-4472-A339-639A38A0531C}.Debug|Any CPU.ActiveCfg = Debug|Any CPU
		{5C577472-EBC7-4472-A339-639A38A0531C}.Debug|Any CPU.Build.0 = Debug|Any CPU
		{5C577472-EBC7-4472-A339-639A38A0531C}.Release|Any CPU.ActiveCfg = Release|Any CPU
		{5C577472-EBC7-4472-A339-639A38A0531C}.Release|Any CPU.Build.0 = Release|Any CPU
		{0F7397CF-9C94-4DF2-B38B-4560B6200630}.Debug|Any CPU.ActiveCfg = Debug|Any CPU
		{0F7397CF-9C94-4DF2-B38B-4560B6200630}.Debug|Any CPU.Build.0 = Debug|Any CPU
		{0F7397CF-9C94-4DF2-B38B-4560B6200630}.Release|Any CPU.ActiveCfg = Release|Any CPU
		{0F7397CF-9C94-4DF2-B38B-4560B6200630}.Release|Any CPU.Build.0 = Release|Any CPU
		{68BD5567-9F00-43A2-BC9D-913C18764280}.Debug|Any CPU.ActiveCfg = Debug|Any CPU
		{68BD5567-9F00-43A2-BC9D-913C18764280}.Debug|Any CPU.Build.0 = Debug|Any CPU
		{68BD5567-9F00-43A2-BC9D-913C18764280}.Release|Any CPU.ActiveCfg = Release|Any CPU
		{68BD5567-9F00-43A2-BC9D-913C18764280}.Release|Any CPU.Build.0 = Release|Any CPU
		{38C83221-53FD-470C-AF27-73325529745C}.Debug|Any CPU.ActiveCfg = Debug|Any CPU
		{38C83221-53FD-470C-AF27-73325529745C}.Debug|Any CPU.Build.0 = Debug|Any CPU
		{38C83221-53FD-470C-AF27-73325529745C}.Release|Any CPU.ActiveCfg = Release|Any CPU
		{38C83221-53FD-470C-AF27-73325529745C}.Release|Any CPU.Build.0 = Release|Any CPU
		{153D1F59-DEBF-4214-B4CA-9540CAB6B1A0}.Debug|Any CPU.ActiveCfg = Debug|Any CPU
		{153D1F59-DEBF-4214-B4CA-9540CAB6B1A0}.Debug|Any CPU.Build.0 = Debug|Any CPU
		{153D1F59-DEBF-4214-B4CA-9540CAB6B1A0}.Release|Any CPU.ActiveCfg = Release|Any CPU
		{153D1F59-DEBF-4214-B4CA-9540CAB6B1A0}.Release|Any CPU.Build.0 = Release|Any CPU
		{7E93FD5A-7EB8-4EF3-B23A-DB2CDC9C260B}.Debug|Any CPU.ActiveCfg = Debug|Any CPU
		{7E93FD5A-7EB8-4EF3-B23A-DB2CDC9C260B}.Debug|Any CPU.Build.0 = Debug|Any CPU
		{7E93FD5A-7EB8-4EF3-B23A-DB2CDC9C260B}.Release|Any CPU.ActiveCfg = Release|Any CPU
		{7E93FD5A-7EB8-4EF3-B23A-DB2CDC9C260B}.Release|Any CPU.Build.0 = Release|Any CPU
		{8D7C998B-6B7C-48A5-A83C-7650959F2DDA}.Debug|Any CPU.ActiveCfg = Debug|Any CPU
		{8D7C998B-6B7C-48A5-A83C-7650959F2DDA}.Debug|Any CPU.Build.0 = Debug|Any CPU
		{8D7C998B-6B7C-48A5-A83C-7650959F2DDA}.Release|Any CPU.ActiveCfg = Release|Any CPU
		{8D7C998B-6B7C-48A5-A83C-7650959F2DDA}.Release|Any CPU.Build.0 = Release|Any CPU
		{BDD7F440-A1E4-46B8-8A66-2F8E96FF3F08}.Debug|Any CPU.ActiveCfg = Debug|Any CPU
		{BDD7F440-A1E4-46B8-8A66-2F8E96FF3F08}.Debug|Any CPU.Build.0 = Debug|Any CPU
		{BDD7F440-A1E4-46B8-8A66-2F8E96FF3F08}.Release|Any CPU.ActiveCfg = Release|Any CPU
		{BDD7F440-A1E4-46B8-8A66-2F8E96FF3F08}.Release|Any CPU.Build.0 = Release|Any CPU
		{E027C482-0B30-4875-8929-CA0B7831C786}.Debug|Any CPU.ActiveCfg = Debug|Any CPU
		{E027C482-0B30-4875-8929-CA0B7831C786}.Debug|Any CPU.Build.0 = Debug|Any CPU
		{E027C482-0B30-4875-8929-CA0B7831C786}.Release|Any CPU.ActiveCfg = Release|Any CPU
		{E027C482-0B30-4875-8929-CA0B7831C786}.Release|Any CPU.Build.0 = Release|Any CPU
		{6023811E-B6F6-4879-ABB2-77515FEA6C5F}.Debug|Any CPU.ActiveCfg = Debug|Any CPU
		{6023811E-B6F6-4879-ABB2-77515FEA6C5F}.Debug|Any CPU.Build.0 = Debug|Any CPU
		{6023811E-B6F6-4879-ABB2-77515FEA6C5F}.Release|Any CPU.ActiveCfg = Release|Any CPU
		{6023811E-B6F6-4879-ABB2-77515FEA6C5F}.Release|Any CPU.Build.0 = Release|Any CPU
		{D8C98426-966B-4FCB-AB70-1165444BFFE2}.Debug|Any CPU.ActiveCfg = Debug|Any CPU
		{D8C98426-966B-4FCB-AB70-1165444BFFE2}.Debug|Any CPU.Build.0 = Debug|Any CPU
		{D8C98426-966B-4FCB-AB70-1165444BFFE2}.Release|Any CPU.ActiveCfg = Release|Any CPU
		{D8C98426-966B-4FCB-AB70-1165444BFFE2}.Release|Any CPU.Build.0 = Release|Any CPU
		{700733C3-B97F-487E-876A-AF2692379D39}.Debug|Any CPU.ActiveCfg = Debug|Any CPU
		{700733C3-B97F-487E-876A-AF2692379D39}.Debug|Any CPU.Build.0 = Debug|Any CPU
		{700733C3-B97F-487E-876A-AF2692379D39}.Release|Any CPU.ActiveCfg = Release|Any CPU
		{700733C3-B97F-487E-876A-AF2692379D39}.Release|Any CPU.Build.0 = Release|Any CPU
		{38CB9FFF-226C-49F2-A6C4-4F89C92B5714}.Debug|Any CPU.ActiveCfg = Debug|Any CPU
		{38CB9FFF-226C-49F2-A6C4-4F89C92B5714}.Debug|Any CPU.Build.0 = Debug|Any CPU
		{38CB9FFF-226C-49F2-A6C4-4F89C92B5714}.Release|Any CPU.ActiveCfg = Release|Any CPU
		{38CB9FFF-226C-49F2-A6C4-4F89C92B5714}.Release|Any CPU.Build.0 = Release|Any CPU
		{9048E345-238F-4391-AA54-61FBF62B0822}.Debug|Any CPU.ActiveCfg = Debug|Any CPU
		{9048E345-238F-4391-AA54-61FBF62B0822}.Debug|Any CPU.Build.0 = Debug|Any CPU
		{9048E345-238F-4391-AA54-61FBF62B0822}.Release|Any CPU.ActiveCfg = Release|Any CPU
		{9048E345-238F-4391-AA54-61FBF62B0822}.Release|Any CPU.Build.0 = Release|Any CPU
	EndGlobalSection
	GlobalSection(SolutionProperties) = preSolution
		HideSolutionNode = FALSE
	EndGlobalSection
	GlobalSection(NestedProjects) = preSolution
		{5C577472-EBC7-4472-A339-639A38A0531C} = {2A14EA5B-AB5E-4486-A746-B834A1C0F290}
		{0F7397CF-9C94-4DF2-B38B-4560B6200630} = {2A14EA5B-AB5E-4486-A746-B834A1C0F290}
		{68BD5567-9F00-43A2-BC9D-913C18764280} = {2A14EA5B-AB5E-4486-A746-B834A1C0F290}
		{38C83221-53FD-470C-AF27-73325529745C} = {9CA57753-5824-4D32-825A-F9D0C6CABFBA}
		{153D1F59-DEBF-4214-B4CA-9540CAB6B1A0} = {2A14EA5B-AB5E-4486-A746-B834A1C0F290}
		{7E93FD5A-7EB8-4EF3-B23A-DB2CDC9C260B} = {9CA57753-5824-4D32-825A-F9D0C6CABFBA}
		{8D7C998B-6B7C-48A5-A83C-7650959F2DDA} = {2A14EA5B-AB5E-4486-A746-B834A1C0F290}
		{BDD7F440-A1E4-46B8-8A66-2F8E96FF3F08} = {2A14EA5B-AB5E-4486-A746-B834A1C0F290}
		{E027C482-0B30-4875-8929-CA0B7831C786} = {2A14EA5B-AB5E-4486-A746-B834A1C0F290}
		{6023811E-B6F6-4879-ABB2-77515FEA6C5F} = {9CA57753-5824-4D32-825A-F9D0C6CABFBA}
		{D8C98426-966B-4FCB-AB70-1165444BFFE2} = {9CA57753-5824-4D32-825A-F9D0C6CABFBA}
		{700733C3-B97F-487E-876A-AF2692379D39} = {2A14EA5B-AB5E-4486-A746-B834A1C0F290}
		{38CB9FFF-226C-49F2-A6C4-4F89C92B5714} = {2A14EA5B-AB5E-4486-A746-B834A1C0F290}
		{9048E345-238F-4391-AA54-61FBF62B0822} = {9CA57753-5824-4D32-825A-F9D0C6CABFBA}
	EndGlobalSection
	GlobalSection(ExtensibilityGlobals) = postSolution
		SolutionGuid = {8125413B-1B31-40F0-BA6B-BFD0C6925F6C}
	EndGlobalSection
EndGlobal
